
Microsoft Visual Studio Solution File, Format Version 12.00
# Visual Studio Version 16
VisualStudioVersion = 16.0.29209.62
MinimumVisualStudioVersion = 10.0.40219.1
Project("{FAE04EC0-301F-11D3-BF4B-00C04F79EFBC}") = "DAOMysql", "DAOMysql.csproj", "{DF0421F0-2F8E-400C-B3E3-891A55554630}"
EndProject
Global
	GlobalSection(SolutionConfigurationPlatforms) = preSolution
		Debug|Any CPU = Debug|Any CPU
		Release|Any CPU = Release|Any CPU
	EndGlobalSection
	GlobalSection(ProjectConfigurationPlatforms) = postSolution
		{DF0421F0-2F8E-400C-B3E3-891A55554630}.Debug|Any CPU.ActiveCfg = Debug|Any CPU
		{DF0421F0-2F8E-400C-B3E3-891A55554630}.Debug|Any CPU.Build.0 = Debug|Any CPU
		{DF0421F0-2F8E-400C-B3E3-891A55554630}.Release|Any CPU.ActiveCfg = Release|Any CPU
		{DF0421F0-2F8E-400C-B3E3-891A55554630}.Release|Any CPU.Build.0 = Release|Any CPU
	EndGlobalSection
	GlobalSection(SolutionProperties) = preSolution
		HideSolutionNode = FALSE
	EndGlobalSection
	GlobalSection(ExtensibilityGlobals) = postSolution
		SolutionGuid = {E5CF4E13-40C1-4FE1-BA41-D23332A68058}
	EndGlobalSection
EndGlobal
